
Microsoft Visual Studio Solution File, Format Version 12.00
# Visual Studio Version 17
VisualStudioVersion = 17.5.33424.131
MinimumVisualStudioVersion = 10.0.40219.1
Project("{8BC9CEB8-8B4A-11D0-8D11-00A0C91BC942}") = "paradigmaoop", "paradigmaoop\paradigmaoop.vcxproj", "{DCA8FD09-1116-4E18-84DF-C85C81189091}"
EndProject
Project("{8BC9CEB8-8B4A-11D0-8D11-00A0C91BC942}") = "Asosiasi", "Asosiasi\Asosiasi.vcxproj", "{AA8D5AE5-EBEE-4E93-AF1B-32888BCE5A06}"
EndProject
Project("{8BC9CEB8-8B4A-11D0-8D11-00A0C91BC942}") = "mainIA", "mainIA\mainIA.vcxproj", "{65F4279B-8F30-4DAC-BB67-2C28EF6531C0}"
EndProject
Project("{8BC9CEB8-8B4A-11D0-8D11-00A0C91BC942}") = "mainJM", "mainJM\mainJM.vcxproj", "{10CE9F75-D2CB-4F11-83D9-99508CC9E38E}"
EndProject
Project("{8BC9CEB8-8B4A-11D0-8D11-00A0C91BC942}") = "memberinitlist", "memberinitlist\memberinitlist.vcxproj", "{4DD4DE6B-AA0D-49F3-A03D-6FBC75F8BED0}"
EndProject
Global
	GlobalSection(SolutionConfigurationPlatforms) = preSolution
		Debug|x64 = Debug|x64
		Debug|x86 = Debug|x86
		Release|x64 = Release|x64
		Release|x86 = Release|x86
	EndGlobalSection
	GlobalSection(ProjectConfigurationPlatforms) = postSolution
		{DCA8FD09-1116-4E18-84DF-C85C81189091}.Debug|x64.ActiveCfg = Debug|x64
		{DCA8FD09-1116-4E18-84DF-C85C81189091}.Debug|x64.Build.0 = Debug|x64
		{DCA8FD09-1116-4E18-84DF-C85C81189091}.Debug|x86.ActiveCfg = Debug|Win32
		{DCA8FD09-1116-4E18-84DF-C85C81189091}.Debug|x86.Build.0 = Debug|Win32
		{DCA8FD09-1116-4E18-84DF-C85C81189091}.Release|x64.ActiveCfg = Release|x64
		{DCA8FD09-1116-4E18-84DF-C85C81189091}.Release|x64.Build.0 = Release|x64
		{DCA8FD09-1116-4E18-84DF-C85C81189091}.Release|x86.ActiveCfg = Release|Win32
		{DCA8FD09-1116-4E18-84DF-C85C81189091}.Release|x86.Build.0 = Release|Win32
		{AA8D5AE5-EBEE-4E93-AF1B-32888BCE5A06}.Debug|x64.ActiveCfg = Debug|x64
		{AA8D5AE5-EBEE-4E93-AF1B-32888BCE5A06}.Debug|x64.Build.0 = Debug|x64
		{AA8D5AE5-EBEE-4E93-AF1B-32888BCE5A06}.Debug|x86.ActiveCfg = Debug|Win32
		{AA8D5AE5-EBEE-4E93-AF1B-32888BCE5A06}.Debug|x86.Build.0 = Debug|Win32
		{AA8D5AE5-EBEE-4E93-AF1B-32888BCE5A06}.Release|x64.ActiveCfg = Release|x64
		{AA8D5AE5-EBEE-4E93-AF1B-32888BCE5A06}.Release|x64.Build.0 = Release|x64
		{AA8D5AE5-EBEE-4E93-AF1B-32888BCE5A06}.Release|x86.ActiveCfg = Release|Win32
		{AA8D5AE5-EBEE-4E93-AF1B-32888BCE5A06}.Release|x86.Build.0 = Release|Win32
		{65F4279B-8F30-4DAC-BB67-2C28EF6531C0}.Debug|x64.ActiveCfg = Debug|x64
		{65F4279B-8F30-4DAC-BB67-2C28EF6531C0}.Debug|x64.Build.0 = Debug|x64
		{65F4279B-8F30-4DAC-BB67-2C28EF6531C0}.Debug|x86.ActiveCfg = Debug|Win32
		{65F4279B-8F30-4DAC-BB67-2C28EF6531C0}.Debug|x86.Build.0 = Debug|Win32
		{65F4279B-8F30-4DAC-BB67-2C28EF6531C0}.Release|x64.ActiveCfg = Release|x64
		{65F4279B-8F30-4DAC-BB67-2C28EF6531C0}.Release|x64.Build.0 = Release|x64
		{65F4279B-8F30-4DAC-BB67-2C28EF6531C0}.Release|x86.ActiveCfg = Release|Win32
		{65F4279B-8F30-4DAC-BB67-2C28EF6531C0}.Release|x86.Build.0 = Release|Win32
		{10CE9F75-D2CB-4F11-83D9-99508CC9E38E}.Debug|x64.ActiveCfg = Debug|x64
		{10CE9F75-D2CB-4F11-83D9-99508CC9E38E}.Debug|x64.Build.0 = Debug|x64
		{10CE9F75-D2CB-4F11-83D9-99508CC9E38E}.Debug|x86.ActiveCfg = Debug|Win32
		{10CE9F75-D2CB-4F11-83D9-99508CC9E38E}.Debug|x86.Build.0 = Debug|Win32
		{10CE9F75-D2CB-4F11-83D9-99508CC9E38E}.Release|x64.ActiveCfg = Release|x64
		{10CE9F75-D2CB-4F11-83D9-99508CC9E38E}.Release|x64.Build.0 = Release|x64
		{10CE9F75-D2CB-4F11-83D9-99508CC9E38E}.Release|x86.ActiveCfg = Release|Win32
		{10CE9F75-D2CB-4F11-83D9-99508CC9E38E}.Release|x86.Build.0 = Release|Win32
		{4DD4DE6B-AA0D-49F3-A03D-6FBC75F8BED0}.Debug|x64.ActiveCfg = Debug|x64
		{4DD4DE6B-AA0D-49F3-A03D-6FBC75F8BED0}.Debug|x64.Build.0 = Debug|x64
		{4DD4DE6B-AA0D-49F3-A03D-6FBC75F8BED0}.Debug|x86.ActiveCfg = Debug|Win32
		{4DD4DE6B-AA0D-49F3-A03D-6FBC75F8BED0}.Debug|x86.Build.0 = Debug|Win32
		{4DD4DE6B-AA0D-49F3-A03D-6FBC75F8BED0}.Release|x64.ActiveCfg = Release|x64
		{4DD4DE6B-AA0D-49F3-A03D-6FBC75F8BED0}.Release|x64.Build.0 = Release|x64
		{4DD4DE6B-AA0D-49F3-A03D-6FBC75F8BED0}.Release|x86.ActiveCfg = Release|Win32
		{4DD4DE6B-AA0D-49F3-A03D-6FBC75F8BED0}.Release|x86.Build.0 = Release|Win32
	EndGlobalSection
	GlobalSection(SolutionProperties) = preSolution
		HideSolutionNode = FALSE
	EndGlobalSection
	GlobalSection(ExtensibilityGlobals) = postSolution
		SolutionGuid = {1D5EB9F0-C1E7-47C4-87CE-3A705C9A62B9}
	EndGlobalSection
EndGlobal
